
Microsoft Visual Studio Solution File, Format Version 12.00
# Visual Studio Version 17
VisualStudioVersion = 17.8.34525.116
MinimumVisualStudioVersion = 10.0.40219.1
Project("{FAE04EC0-301F-11D3-BF4B-00C04F79EFBC}") = "DoWhile", "DoWhile\DoWhile.csproj", "{0C2E45E3-2529-42A4-9AD6-C7C0FB5DF4B2}"
EndProject
Global
	GlobalSection(SolutionConfigurationPlatforms) = preSolution
		Debug|Any CPU = Debug|Any CPU
		Release|Any CPU = Release|Any CPU
	EndGlobalSection
	GlobalSection(ProjectConfigurationPlatforms) = postSolution
		{0C2E45E3-2529-42A4-9AD6-C7C0FB5DF4B2}.Debug|Any CPU.ActiveCfg = Debug|Any CPU
		{0C2E45E3-2529-42A4-9AD6-C7C0FB5DF4B2}.Debug|Any CPU.Build.0 = Debug|Any CPU
		{0C2E45E3-2529-42A4-9AD6-C7C0FB5DF4B2}.Release|Any CPU.ActiveCfg = Release|Any CPU
		{0C2E45E3-2529-42A4-9AD6-C7C0FB5DF4B2}.Release|Any CPU.Build.0 = Release|Any CPU
	EndGlobalSection
	GlobalSection(SolutionProperties) = preSolution
		HideSolutionNode = FALSE
	EndGlobalSection
	GlobalSection(ExtensibilityGlobals) = postSolution
		SolutionGuid = {AEB2B389-D952-4150-9A1C-293B2A247C41}
	EndGlobalSection
EndGlobal
